
Microsoft Visual Studio Solution File, Format Version 12.00
# Visual Studio 15
VisualStudioVersion = 15.0.27729.1
MinimumVisualStudioVersion = 10.0.40219.1
Project("{8BC9CEB8-8B4A-11D0-8D11-00A0C91BC942}") = "FortuneSummonersAssist.GameEngine", "Src\FortuneSummonersAssist.GameEngine\FortuneSummonersAssist.GameEngine.vcxproj", "{5FD2C769-231F-423A-9630-4295349028CB}"
EndProject
Project("{2150E333-8FDC-42A3-9474-1A3956D46DE8}") = "GameRes", "GameRes", "{722288B8-A9FB-4AAA-BEB3-14B40D991E78}"
EndProject
Global
	GlobalSection(SolutionConfigurationPlatforms) = preSolution
		Release|x86 = Release|x86
	EndGlobalSection
	GlobalSection(ProjectConfigurationPlatforms) = postSolution
		{5FD2C769-231F-423A-9630-4295349028CB}.Release|x86.ActiveCfg = Release|Win32
		{5FD2C769-231F-423A-9630-4295349028CB}.Release|x86.Build.0 = Release|Win32
	EndGlobalSection
	GlobalSection(SolutionProperties) = preSolution
		HideSolutionNode = FALSE
	EndGlobalSection
	GlobalSection(ExtensibilityGlobals) = postSolution
		SolutionGuid = {12BABEE5-F4AF-46E5-BA30-F7C4266CD08B}
	EndGlobalSection
EndGlobal
